
Microsoft Visual Studio Solution File, Format Version 12.00
# Visual Studio Version 17
VisualStudioVersion = 17.4.33205.214
MinimumVisualStudioVersion = 10.0.40219.1
Project("{888888A0-9F3D-457C-B088-3A5042F75D52}") = "kodutöö-whileTrue", "kodutöö-whileTrue.pyproj", "{D4B97367-D3F3-4D47-9C09-FDF7175E9089}"
EndProject
Global
	GlobalSection(SolutionConfigurationPlatforms) = preSolution
		Debug|Any CPU = Debug|Any CPU
		Release|Any CPU = Release|Any CPU
	EndGlobalSection
	GlobalSection(ProjectConfigurationPlatforms) = postSolution
		{D4B97367-D3F3-4D47-9C09-FDF7175E9089}.Debug|Any CPU.ActiveCfg = Debug|Any CPU
		{D4B97367-D3F3-4D47-9C09-FDF7175E9089}.Release|Any CPU.ActiveCfg = Release|Any CPU
	EndGlobalSection
	GlobalSection(SolutionProperties) = preSolution
		HideSolutionNode = FALSE
	EndGlobalSection
	GlobalSection(ExtensibilityGlobals) = postSolution
		SolutionGuid = {C4BF0955-E2C8-4F13-841E-D0063596B312}
	EndGlobalSection
EndGlobal
